// !$*UTF8*$!
{
	archiveVersion = 1;
	classes = {
	};
	objectVersion = 51;
	objects = {

/* Begin PBXBuildFile section */
		387A5EC4275991E80024FFC5 /* fridge.png in Resources */ = {isa = PBXBuildFile; fileRef = 387A5EC3275991E80024FFC5 /* fridge.png */; };
		387A5ECE275991EF0024FFC5 /* hanging_light.png in Resources */ = {isa = PBXBuildFile; fileRef = 387A5ECD275991EF0024FFC5 /* hanging_light.png */; };
		38A005C7274355E1004E5BD7 /* StoreView.swift in Sources */ = {isa = PBXBuildFile; fileRef = 38A005C6274355E1004E5BD7 /* StoreView.swift */; };
		38A006492746DBDC004E5BD7 /* StoreItemView.swift in Sources */ = {isa = PBXBuildFile; fileRef = 38A006482746DBDC004E5BD7 /* StoreItemView.swift */; };
		38F3E0B627339A2D00E36A14 /* doingTask1.png in Resources */ = {isa = PBXBuildFile; fileRef = 38F3E0B527339A2D00E36A14 /* doingTask1.png */; };
		A9EE60D611FE8C1DD4BD0774 /* Pods_StudyBuddyAppTests.framework in Frameworks */ = {isa = PBXBuildFile; fileRef = 6E8D64EDE2A72AC155B302B5 /* Pods_StudyBuddyAppTests.framework */; };
		C3F59CCA737769A6743DC217 /* Pods_StudyBuddyApp.framework in Frameworks */ = {isa = PBXBuildFile; fileRef = 0EF48D5CC853A954D904CDE7 /* Pods_StudyBuddyApp.framework */; };
		C939FE84D401F898FC509120 /* Pods_StudyBuddyApp_StudyBuddyAppUITests.framework in Frameworks */ = {isa = PBXBuildFile; fileRef = C429A496873E1E2552C3E042 /* Pods_StudyBuddyApp_StudyBuddyAppUITests.framework */; };
		D15A4F5F274CA96800B8A029 /* GSTimeIntervalPicker.m in Sources */ = {isa = PBXBuildFile; fileRef = D15A4F5D274CA96800B8A029 /* GSTimeIntervalPicker.m */; };
		D160120B272B1622003BAD02 /* User.swift in Sources */ = {isa = PBXBuildFile; fileRef = D160120A272B1622003BAD02 /* User.swift */; };
		D1601216272BA4B9003BAD02 /* Item.swift in Sources */ = {isa = PBXBuildFile; fileRef = D1601215272BA4B9003BAD02 /* Item.swift */; };
		D1601224272DB01B003BAD02 /* Store.swift in Sources */ = {isa = PBXBuildFile; fileRef = D1601223272DB01B003BAD02 /* Store.swift */; };
		D1601229272DC4DD003BAD02 /* Playground.swift in Sources */ = {isa = PBXBuildFile; fileRef = D1601228272DC4DD003BAD02 /* Playground.swift */; };
		D160122E272DC7B2003BAD02 /* Character.swift in Sources */ = {isa = PBXBuildFile; fileRef = D160122D272DC7B2003BAD02 /* Character.swift */; };
		D1601236272DFDBC003BAD02 /* UserTest.swift in Sources */ = {isa = PBXBuildFile; fileRef = D1601235272DFDBC003BAD02 /* UserTest.swift */; };
		D1601248272EE182003BAD02 /* TaskTest.swift in Sources */ = {isa = PBXBuildFile; fileRef = D1601247272EE182003BAD02 /* TaskTest.swift */; };
		D160124D272F0A1E003BAD02 /* ItemTest.swift in Sources */ = {isa = PBXBuildFile; fileRef = D160124C272F0A1E003BAD02 /* ItemTest.swift */; };
		D1601252272F1629003BAD02 /* CharacterTest.swift in Sources */ = {isa = PBXBuildFile; fileRef = D1601251272F1629003BAD02 /* CharacterTest.swift */; };
		D1601257272F27CB003BAD02 /* PlaygroundTest.swift in Sources */ = {isa = PBXBuildFile; fileRef = D1601256272F27CB003BAD02 /* PlaygroundTest.swift */; };
		D160125C272F7AC3003BAD02 /* StoreTest.swift in Sources */ = {isa = PBXBuildFile; fileRef = D160125B272F7AC3003BAD02 /* StoreTest.swift */; };
		D1A4AFA2272738B300C92354 /* AppDelegate.swift in Sources */ = {isa = PBXBuildFile; fileRef = D1A4AFA1272738B300C92354 /* AppDelegate.swift */; };
		D1A4AFA4272738B300C92354 /* SceneDelegate.swift in Sources */ = {isa = PBXBuildFile; fileRef = D1A4AFA3272738B300C92354 /* SceneDelegate.swift */; };
		D1A4AFA6272738B300C92354 /* ContentView.swift in Sources */ = {isa = PBXBuildFile; fileRef = D1A4AFA5272738B300C92354 /* ContentView.swift */; };
		D1A4AFA9272738B300C92354 /* StudyBuddyApp.xcdatamodeld in Sources */ = {isa = PBXBuildFile; fileRef = D1A4AFA7272738B300C92354 /* StudyBuddyApp.xcdatamodeld */; };
		D1A4AFAB272738B900C92354 /* Assets.xcassets in Resources */ = {isa = PBXBuildFile; fileRef = D1A4AFAA272738B900C92354 /* Assets.xcassets */; };
		D1A4AFAE272738B900C92354 /* Preview Assets.xcassets in Resources */ = {isa = PBXBuildFile; fileRef = D1A4AFAD272738B900C92354 /* Preview Assets.xcassets */; };
		D1A4AFB1272738B900C92354 /* LaunchScreen.storyboard in Resources */ = {isa = PBXBuildFile; fileRef = D1A4AFAF272738B900C92354 /* LaunchScreen.storyboard */; };
		D1A4AFC7272738BA00C92354 /* StudyBuddyAppUITests.swift in Sources */ = {isa = PBXBuildFile; fileRef = D1A4AFC6272738BA00C92354 /* StudyBuddyAppUITests.swift */; };
		D1F03D072729B6970076A871 /* Task.swift in Sources */ = {isa = PBXBuildFile; fileRef = D1F03D062729B6970076A871 /* Task.swift */; };
		D908AA9A2729096A0095600F /* ViewModel.swift in Sources */ = {isa = PBXBuildFile; fileRef = D908AA992729096A0095600F /* ViewModel.swift */; };
		D908AA9F27290D2C0095600F /* TasksView.swift in Sources */ = {isa = PBXBuildFile; fileRef = D908AA9E27290D2C0095600F /* TasksView.swift */; };
		D908AAA427290D3E0095600F /* PlaygroundView.swift in Sources */ = {isa = PBXBuildFile; fileRef = D908AAA327290D3E0095600F /* PlaygroundView.swift */; };
		D9AD397D2730FA0F00408F59 /* RewardsView.swift in Sources */ = {isa = PBXBuildFile; fileRef = D9AD397C2730FA0F00408F59 /* RewardsView.swift */; };
		D9B3156C27435FDC002E8120 /* PlaygroundItemView.swift in Sources */ = {isa = PBXBuildFile; fileRef = D9B3156B27435FDC002E8120 /* PlaygroundItemView.swift */; };
		D9B31584274AF0E1002E8120 /* open-box.png in Resources */ = {isa = PBXBuildFile; fileRef = D9B31582274AF0E1002E8120 /* open-box.png */; };
		D9BC45F0272C721A00962100 /* DurationPicker.swift in Sources */ = {isa = PBXBuildFile; fileRef = D9BC45EF272C721A00962100 /* DurationPicker.swift */; };
		D9BC461F272DE43B00962100 /* ViewRouter.swift in Sources */ = {isa = PBXBuildFile; fileRef = D9BC461E272DE43B00962100 /* ViewRouter.swift */; };
		D9BC462E272DE76900962100 /* DoingTaskView.swift in Sources */ = {isa = PBXBuildFile; fileRef = D9BC462D272DE76900962100 /* DoingTaskView.swift */; };
		D9BC4633272DE7A000962100 /* TabbedView.swift in Sources */ = {isa = PBXBuildFile; fileRef = D9BC4632272DE7A000962100 /* TabbedView.swift */; };
		DA06EE2F275757E700372F9B /* fancy_lamp.png in Resources */ = {isa = PBXBuildFile; fileRef = DA06EE2C275757E700372F9B /* fancy_lamp.png */; };
		DA06EE30275757E700372F9B /* basic_rug.png in Resources */ = {isa = PBXBuildFile; fileRef = DA06EE2D275757E700372F9B /* basic_rug.png */; };
		DA06EE31275757E700372F9B /* classic_clock.png in Resources */ = {isa = PBXBuildFile; fileRef = DA06EE2E275757E700372F9B /* classic_clock.png */; };
		DA06EE332757591D00372F9B /* potted_cactus.png in Resources */ = {isa = PBXBuildFile; fileRef = DA06EE322757591D00372F9B /* potted_cactus.png */; };
		DA12B2C8273C638F006F4BE6 /* SpriteTimer.swift in Sources */ = {isa = PBXBuildFile; fileRef = DA12B2C7273C638F006F4BE6 /* SpriteTimer.swift */; };
		DA12B2CA273C85E1006F4BE6 /* SceneStore.swift in Sources */ = {isa = PBXBuildFile; fileRef = DA12B2C9273C85E1006F4BE6 /* SceneStore.swift */; };
		DA48A3C3275AADA4005A3570 /* tv.png in Resources */ = {isa = PBXBuildFile; fileRef = DA48A3C1275AADA4005A3570 /* tv.png */; };
		DA48A3C4275AADA4005A3570 /* bed.png in Resources */ = {isa = PBXBuildFile; fileRef = DA48A3C2275AADA4005A3570 /* bed.png */; };
		DA72C45427435B8900590E0B /* yellow_lamp.png in Resources */ = {isa = PBXBuildFile; fileRef = DA72C45227435B8900590E0B /* yellow_lamp.png */; };
		DA72C45527435B8900590E0B /* hill_painting.png in Resources */ = {isa = PBXBuildFile; fileRef = DA72C45327435B8900590E0B /* hill_painting.png */; };
		DA72C45A27438FC900590E0B /* bob_writing.atlas in Resources */ = {isa = PBXBuildFile; fileRef = DA72C45727438FC800590E0B /* bob_writing.atlas */; };
		DAC76B622746A6CA00F88AE7 /* bob_cheering.atlas in Resources */ = {isa = PBXBuildFile; fileRef = DAC76B612746A6CA00F88AE7 /* bob_cheering.atlas */; };
		DAC76B642746A96700F88AE7 /* bob_sweeping.atlas in Resources */ = {isa = PBXBuildFile; fileRef = DAC76B632746A96700F88AE7 /* bob_sweeping.atlas */; };
		DAD0E15C2739A69000EF1E88 /* DoingTaskScene.swift in Sources */ = {isa = PBXBuildFile; fileRef = DAD0E15B2739A69000EF1E88 /* DoingTaskScene.swift */; };
		DAD0E15E2739A90E00EF1E88 /* RewardsScene.swift in Sources */ = {isa = PBXBuildFile; fileRef = DAD0E15D2739A90E00EF1E88 /* RewardsScene.swift */; };
		DAE29E05272E4D83004835E2 /* PlaygroundScene.swift in Sources */ = {isa = PBXBuildFile; fileRef = DAE29E04272E4D83004835E2 /* PlaygroundScene.swift */; };
		DAE29E08272E883A004835E2 /* AnimatedSprite.swift in Sources */ = {isa = PBXBuildFile; fileRef = DAE29E07272E883A004835E2 /* AnimatedSprite.swift */; };
/* End PBXBuildFile section */

/* Begin PBXContainerItemProxy section */
		D1A4AFB8272738BA00C92354 /* PBXContainerItemProxy */ = {
			isa = PBXContainerItemProxy;
			containerPortal = D1A4AF96272738B300C92354 /* Project object */;
			proxyType = 1;
			remoteGlobalIDString = D1A4AF9D272738B300C92354;
			remoteInfo = StudyBuddyApp;
		};
		D1A4AFC3272738BA00C92354 /* PBXContainerItemProxy */ = {
			isa = PBXContainerItemProxy;
			containerPortal = D1A4AF96272738B300C92354 /* Project object */;
			proxyType = 1;
			remoteGlobalIDString = D1A4AF9D272738B300C92354;
			remoteInfo = StudyBuddyApp;
		};
/* End PBXContainerItemProxy section */

/* Begin PBXFileReference section */
		0EF48D5CC853A954D904CDE7 /* Pods_StudyBuddyApp.framework */ = {isa = PBXFileReference; explicitFileType = wrapper.framework; includeInIndex = 0; path = Pods_StudyBuddyApp.framework; sourceTree = BUILT_PRODUCTS_DIR; };
		1BA03A543A571531BA9E78C6 /* Pods-StudyBuddyApp-StudyBuddyAppUITests.debug.xcconfig */ = {isa = PBXFileReference; includeInIndex = 1; lastKnownFileType = text.xcconfig; name = "Pods-StudyBuddyApp-StudyBuddyAppUITests.debug.xcconfig"; path = "Target Support Files/Pods-StudyBuddyApp-StudyBuddyAppUITests/Pods-StudyBuddyApp-StudyBuddyAppUITests.debug.xcconfig"; sourceTree = "<group>"; };
		387A5EC3275991E80024FFC5 /* fridge.png */ = {isa = PBXFileReference; lastKnownFileType = image.png; path = fridge.png; sourceTree = "<group>"; };
		387A5ECD275991EF0024FFC5 /* hanging_light.png */ = {isa = PBXFileReference; lastKnownFileType = image.png; path = hanging_light.png; sourceTree = "<group>"; };
		38A005C6274355E1004E5BD7 /* StoreView.swift */ = {isa = PBXFileReference; lastKnownFileType = sourcecode.swift; path = StoreView.swift; sourceTree = "<group>"; };
		38A006482746DBDC004E5BD7 /* StoreItemView.swift */ = {isa = PBXFileReference; lastKnownFileType = sourcecode.swift; path = StoreItemView.swift; sourceTree = "<group>"; };
		38F3E0B527339A2D00E36A14 /* doingTask1.png */ = {isa = PBXFileReference; lastKnownFileType = image.png; path = doingTask1.png; sourceTree = "<group>"; };
		4E95550742C409491BA84052 /* Pods-StudyBuddyApp-StudyBuddyAppUITests.release.xcconfig */ = {isa = PBXFileReference; includeInIndex = 1; lastKnownFileType = text.xcconfig; name = "Pods-StudyBuddyApp-StudyBuddyAppUITests.release.xcconfig"; path = "Target Support Files/Pods-StudyBuddyApp-StudyBuddyAppUITests/Pods-StudyBuddyApp-StudyBuddyAppUITests.release.xcconfig"; sourceTree = "<group>"; };
		6E8D64EDE2A72AC155B302B5 /* Pods_StudyBuddyAppTests.framework */ = {isa = PBXFileReference; explicitFileType = wrapper.framework; includeInIndex = 0; path = Pods_StudyBuddyAppTests.framework; sourceTree = BUILT_PRODUCTS_DIR; };
		7E51CDA8A292E2B3D566E5A2 /* Pods-StudyBuddyAppTests.debug.xcconfig */ = {isa = PBXFileReference; includeInIndex = 1; lastKnownFileType = text.xcconfig; name = "Pods-StudyBuddyAppTests.debug.xcconfig"; path = "Target Support Files/Pods-StudyBuddyAppTests/Pods-StudyBuddyAppTests.debug.xcconfig"; sourceTree = "<group>"; };
		A5A4D08E7610B0D29F782739 /* Pods-StudyBuddyApp.debug.xcconfig */ = {isa = PBXFileReference; includeInIndex = 1; lastKnownFileType = text.xcconfig; name = "Pods-StudyBuddyApp.debug.xcconfig"; path = "Target Support Files/Pods-StudyBuddyApp/Pods-StudyBuddyApp.debug.xcconfig"; sourceTree = "<group>"; };
		C429A496873E1E2552C3E042 /* Pods_StudyBuddyApp_StudyBuddyAppUITests.framework */ = {isa = PBXFileReference; explicitFileType = wrapper.framework; includeInIndex = 0; path = Pods_StudyBuddyApp_StudyBuddyAppUITests.framework; sourceTree = BUILT_PRODUCTS_DIR; };
		D15A4EEC274956FE00B8A029 /* StudyBuddyApp-Bridging-Header.h */ = {isa = PBXFileReference; lastKnownFileType = sourcecode.c.h; path = "StudyBuddyApp-Bridging-Header.h"; sourceTree = "<group>"; };
		D15A4F5D274CA96800B8A029 /* GSTimeIntervalPicker.m */ = {isa = PBXFileReference; fileEncoding = 4; lastKnownFileType = sourcecode.c.objc; path = GSTimeIntervalPicker.m; sourceTree = "<group>"; };
		D15A4F5E274CA96800B8A029 /* GSTimeIntervalPicker.h */ = {isa = PBXFileReference; fileEncoding = 4; lastKnownFileType = sourcecode.c.h; path = GSTimeIntervalPicker.h; sourceTree = "<group>"; };
		D160120A272B1622003BAD02 /* User.swift */ = {isa = PBXFileReference; lastKnownFileType = sourcecode.swift; path = User.swift; sourceTree = "<group>"; };
		D1601215272BA4B9003BAD02 /* Item.swift */ = {isa = PBXFileReference; lastKnownFileType = sourcecode.swift; path = Item.swift; sourceTree = "<group>"; };
		D1601223272DB01B003BAD02 /* Store.swift */ = {isa = PBXFileReference; lastKnownFileType = sourcecode.swift; path = Store.swift; sourceTree = "<group>"; };
		D1601228272DC4DD003BAD02 /* Playground.swift */ = {isa = PBXFileReference; lastKnownFileType = sourcecode.swift; path = Playground.swift; sourceTree = "<group>"; };
		D160122D272DC7B2003BAD02 /* Character.swift */ = {isa = PBXFileReference; lastKnownFileType = sourcecode.swift; path = Character.swift; sourceTree = "<group>"; };
		D1601235272DFDBC003BAD02 /* UserTest.swift */ = {isa = PBXFileReference; lastKnownFileType = sourcecode.swift; path = UserTest.swift; sourceTree = "<group>"; };
		D1601247272EE182003BAD02 /* TaskTest.swift */ = {isa = PBXFileReference; lastKnownFileType = sourcecode.swift; path = TaskTest.swift; sourceTree = "<group>"; };
		D160124C272F0A1E003BAD02 /* ItemTest.swift */ = {isa = PBXFileReference; lastKnownFileType = sourcecode.swift; path = ItemTest.swift; sourceTree = "<group>"; };
		D1601251272F1629003BAD02 /* CharacterTest.swift */ = {isa = PBXFileReference; lastKnownFileType = sourcecode.swift; path = CharacterTest.swift; sourceTree = "<group>"; };
		D1601256272F27CB003BAD02 /* PlaygroundTest.swift */ = {isa = PBXFileReference; lastKnownFileType = sourcecode.swift; path = PlaygroundTest.swift; sourceTree = "<group>"; };
		D160125B272F7AC3003BAD02 /* StoreTest.swift */ = {isa = PBXFileReference; lastKnownFileType = sourcecode.swift; path = StoreTest.swift; sourceTree = "<group>"; };
		D1A4AF9E272738B300C92354 /* StudyBuddyApp.app */ = {isa = PBXFileReference; explicitFileType = wrapper.application; includeInIndex = 0; path = StudyBuddyApp.app; sourceTree = BUILT_PRODUCTS_DIR; };
		D1A4AFA1272738B300C92354 /* AppDelegate.swift */ = {isa = PBXFileReference; lastKnownFileType = sourcecode.swift; path = AppDelegate.swift; sourceTree = "<group>"; };
		D1A4AFA3272738B300C92354 /* SceneDelegate.swift */ = {isa = PBXFileReference; lastKnownFileType = sourcecode.swift; path = SceneDelegate.swift; sourceTree = "<group>"; };
		D1A4AFA5272738B300C92354 /* ContentView.swift */ = {isa = PBXFileReference; lastKnownFileType = sourcecode.swift; path = ContentView.swift; sourceTree = "<group>"; };
		D1A4AFA8272738B300C92354 /* StudyBuddyApp.xcdatamodel */ = {isa = PBXFileReference; lastKnownFileType = wrapper.xcdatamodel; path = StudyBuddyApp.xcdatamodel; sourceTree = "<group>"; };
		D1A4AFAA272738B900C92354 /* Assets.xcassets */ = {isa = PBXFileReference; lastKnownFileType = folder.assetcatalog; path = Assets.xcassets; sourceTree = "<group>"; };
		D1A4AFAD272738B900C92354 /* Preview Assets.xcassets */ = {isa = PBXFileReference; lastKnownFileType = folder.assetcatalog; path = "Preview Assets.xcassets"; sourceTree = "<group>"; };
		D1A4AFB0272738B900C92354 /* Base */ = {isa = PBXFileReference; lastKnownFileType = file.storyboard; name = Base; path = Base.lproj/LaunchScreen.storyboard; sourceTree = "<group>"; };
		D1A4AFB2272738B900C92354 /* Info.plist */ = {isa = PBXFileReference; lastKnownFileType = text.plist.xml; path = Info.plist; sourceTree = "<group>"; };
		D1A4AFB7272738BA00C92354 /* StudyBuddyAppTests.xctest */ = {isa = PBXFileReference; explicitFileType = wrapper.cfbundle; includeInIndex = 0; path = StudyBuddyAppTests.xctest; sourceTree = BUILT_PRODUCTS_DIR; };
		D1A4AFBD272738BA00C92354 /* Info.plist */ = {isa = PBXFileReference; lastKnownFileType = text.plist.xml; path = Info.plist; sourceTree = "<group>"; };
		D1A4AFC2272738BA00C92354 /* StudyBuddyAppUITests.xctest */ = {isa = PBXFileReference; explicitFileType = wrapper.cfbundle; includeInIndex = 0; path = StudyBuddyAppUITests.xctest; sourceTree = BUILT_PRODUCTS_DIR; };
		D1A4AFC6272738BA00C92354 /* StudyBuddyAppUITests.swift */ = {isa = PBXFileReference; lastKnownFileType = sourcecode.swift; path = StudyBuddyAppUITests.swift; sourceTree = "<group>"; };
		D1A4AFC8272738BA00C92354 /* Info.plist */ = {isa = PBXFileReference; lastKnownFileType = text.plist.xml; path = Info.plist; sourceTree = "<group>"; };
		D1F03D062729B6970076A871 /* Task.swift */ = {isa = PBXFileReference; lastKnownFileType = sourcecode.swift; path = Task.swift; sourceTree = "<group>"; };
		D908AA992729096A0095600F /* ViewModel.swift */ = {isa = PBXFileReference; lastKnownFileType = sourcecode.swift; path = ViewModel.swift; sourceTree = "<group>"; };
		D908AA9E27290D2C0095600F /* TasksView.swift */ = {isa = PBXFileReference; lastKnownFileType = sourcecode.swift; path = TasksView.swift; sourceTree = "<group>"; };
		D908AAA327290D3E0095600F /* PlaygroundView.swift */ = {isa = PBXFileReference; lastKnownFileType = sourcecode.swift; path = PlaygroundView.swift; sourceTree = "<group>"; };
		D9AD397C2730FA0F00408F59 /* RewardsView.swift */ = {isa = PBXFileReference; lastKnownFileType = sourcecode.swift; path = RewardsView.swift; sourceTree = "<group>"; };
		D9B3156B27435FDC002E8120 /* PlaygroundItemView.swift */ = {isa = PBXFileReference; lastKnownFileType = sourcecode.swift; path = PlaygroundItemView.swift; sourceTree = "<group>"; };
		D9B31582274AF0E1002E8120 /* open-box.png */ = {isa = PBXFileReference; lastKnownFileType = image.png; path = "open-box.png"; sourceTree = "<group>"; };
		D9B31589274AF11B002E8120 /* closed-box.png */ = {isa = PBXFileReference; lastKnownFileType = image.png; path = "closed-box.png"; sourceTree = "<group>"; };
		D9BC45EF272C721A00962100 /* DurationPicker.swift */ = {isa = PBXFileReference; lastKnownFileType = sourcecode.swift; path = DurationPicker.swift; sourceTree = "<group>"; };
		D9BC461E272DE43B00962100 /* ViewRouter.swift */ = {isa = PBXFileReference; lastKnownFileType = sourcecode.swift; path = ViewRouter.swift; sourceTree = "<group>"; };
		D9BC462D272DE76900962100 /* DoingTaskView.swift */ = {isa = PBXFileReference; lastKnownFileType = sourcecode.swift; path = DoingTaskView.swift; sourceTree = "<group>"; };
		D9BC4632272DE7A000962100 /* TabbedView.swift */ = {isa = PBXFileReference; lastKnownFileType = sourcecode.swift; path = TabbedView.swift; sourceTree = "<group>"; };
		DA06EE2C275757E700372F9B /* fancy_lamp.png */ = {isa = PBXFileReference; lastKnownFileType = image.png; path = fancy_lamp.png; sourceTree = "<group>"; };
		DA06EE2D275757E700372F9B /* basic_rug.png */ = {isa = PBXFileReference; lastKnownFileType = image.png; path = basic_rug.png; sourceTree = "<group>"; };
		DA06EE2E275757E700372F9B /* classic_clock.png */ = {isa = PBXFileReference; lastKnownFileType = image.png; path = classic_clock.png; sourceTree = "<group>"; };
		DA06EE322757591D00372F9B /* potted_cactus.png */ = {isa = PBXFileReference; lastKnownFileType = image.png; path = potted_cactus.png; sourceTree = "<group>"; };
		DA12B2C7273C638F006F4BE6 /* SpriteTimer.swift */ = {isa = PBXFileReference; lastKnownFileType = sourcecode.swift; path = SpriteTimer.swift; sourceTree = "<group>"; };
		DA12B2C9273C85E1006F4BE6 /* SceneStore.swift */ = {isa = PBXFileReference; lastKnownFileType = sourcecode.swift; path = SceneStore.swift; sourceTree = "<group>"; };
		DA48A3C1275AADA4005A3570 /* tv.png */ = {isa = PBXFileReference; lastKnownFileType = image.png; path = tv.png; sourceTree = "<group>"; };
		DA48A3C2275AADA4005A3570 /* bed.png */ = {isa = PBXFileReference; lastKnownFileType = image.png; path = bed.png; sourceTree = "<group>"; };
		DA72C45227435B8900590E0B /* yellow_lamp.png */ = {isa = PBXFileReference; lastKnownFileType = image.png; path = yellow_lamp.png; sourceTree = "<group>"; };
		DA72C45327435B8900590E0B /* hill_painting.png */ = {isa = PBXFileReference; lastKnownFileType = image.png; path = hill_painting.png; sourceTree = "<group>"; };
		DA72C45727438FC800590E0B /* bob_writing.atlas */ = {isa = PBXFileReference; lastKnownFileType = folder.skatlas; path = bob_writing.atlas; sourceTree = "<group>"; };
		DAC76B612746A6CA00F88AE7 /* bob_cheering.atlas */ = {isa = PBXFileReference; lastKnownFileType = folder.skatlas; path = bob_cheering.atlas; sourceTree = "<group>"; };
		DAC76B632746A96700F88AE7 /* bob_sweeping.atlas */ = {isa = PBXFileReference; lastKnownFileType = folder.skatlas; path = bob_sweeping.atlas; sourceTree = "<group>"; };
		DAD0E15B2739A69000EF1E88 /* DoingTaskScene.swift */ = {isa = PBXFileReference; lastKnownFileType = sourcecode.swift; path = DoingTaskScene.swift; sourceTree = "<group>"; };
		DAD0E15D2739A90E00EF1E88 /* RewardsScene.swift */ = {isa = PBXFileReference; lastKnownFileType = sourcecode.swift; path = RewardsScene.swift; sourceTree = "<group>"; };
		DAE29E04272E4D83004835E2 /* PlaygroundScene.swift */ = {isa = PBXFileReference; lastKnownFileType = sourcecode.swift; path = PlaygroundScene.swift; sourceTree = "<group>"; };
		DAE29E07272E883A004835E2 /* AnimatedSprite.swift */ = {isa = PBXFileReference; lastKnownFileType = sourcecode.swift; path = AnimatedSprite.swift; sourceTree = "<group>"; };
		E813536AC9E3653487A06554 /* Pods-StudyBuddyAppTests.release.xcconfig */ = {isa = PBXFileReference; includeInIndex = 1; lastKnownFileType = text.xcconfig; name = "Pods-StudyBuddyAppTests.release.xcconfig"; path = "Target Support Files/Pods-StudyBuddyAppTests/Pods-StudyBuddyAppTests.release.xcconfig"; sourceTree = "<group>"; };
		F3D7377D636ED78F7AC7604D /* Pods-StudyBuddyApp.release.xcconfig */ = {isa = PBXFileReference; includeInIndex = 1; lastKnownFileType = text.xcconfig; name = "Pods-StudyBuddyApp.release.xcconfig"; path = "Target Support Files/Pods-StudyBuddyApp/Pods-StudyBuddyApp.release.xcconfig"; sourceTree = "<group>"; };
/* End PBXFileReference section */

/* Begin PBXFrameworksBuildPhase section */
		D1A4AF9B272738B300C92354 /* Frameworks */ = {
			isa = PBXFrameworksBuildPhase;
			buildActionMask = 2147483647;
			files = (
				C3F59CCA737769A6743DC217 /* Pods_StudyBuddyApp.framework in Frameworks */,
			);
			runOnlyForDeploymentPostprocessing = 0;
		};
		D1A4AFB4272738BA00C92354 /* Frameworks */ = {
			isa = PBXFrameworksBuildPhase;
			buildActionMask = 2147483647;
			files = (
				A9EE60D611FE8C1DD4BD0774 /* Pods_StudyBuddyAppTests.framework in Frameworks */,
			);
			runOnlyForDeploymentPostprocessing = 0;
		};
		D1A4AFBF272738BA00C92354 /* Frameworks */ = {
			isa = PBXFrameworksBuildPhase;
			buildActionMask = 2147483647;
			files = (
				C939FE84D401F898FC509120 /* Pods_StudyBuddyApp_StudyBuddyAppUITests.framework in Frameworks */,
			);
			runOnlyForDeploymentPostprocessing = 0;
		};
/* End PBXFrameworksBuildPhase section */

/* Begin PBXGroup section */
		69513B2A902E1D5AF1E27DC1 /* Frameworks */ = {
			isa = PBXGroup;
			children = (
				0EF48D5CC853A954D904CDE7 /* Pods_StudyBuddyApp.framework */,
				C429A496873E1E2552C3E042 /* Pods_StudyBuddyApp_StudyBuddyAppUITests.framework */,
				6E8D64EDE2A72AC155B302B5 /* Pods_StudyBuddyAppTests.framework */,
			);
			name = Frameworks;
			sourceTree = "<group>";
		};
		83A4D75B30BEC440B45610A3 /* Pods */ = {
			isa = PBXGroup;
			children = (
				A5A4D08E7610B0D29F782739 /* Pods-StudyBuddyApp.debug.xcconfig */,
				F3D7377D636ED78F7AC7604D /* Pods-StudyBuddyApp.release.xcconfig */,
				1BA03A543A571531BA9E78C6 /* Pods-StudyBuddyApp-StudyBuddyAppUITests.debug.xcconfig */,
				4E95550742C409491BA84052 /* Pods-StudyBuddyApp-StudyBuddyAppUITests.release.xcconfig */,
				7E51CDA8A292E2B3D566E5A2 /* Pods-StudyBuddyAppTests.debug.xcconfig */,
				E813536AC9E3653487A06554 /* Pods-StudyBuddyAppTests.release.xcconfig */,
			);
			path = Pods;
			sourceTree = "<group>";
		};
		D15A4F5C274CA96800B8A029 /* GSTimeInterval */ = {
			isa = PBXGroup;
			children = (
				D15A4F5D274CA96800B8A029 /* GSTimeIntervalPicker.m */,
				D15A4F5E274CA96800B8A029 /* GSTimeIntervalPicker.h */,
			);
			path = GSTimeInterval;
			sourceTree = "<group>";
		};
		D1A4AF95272738B300C92354 = {
			isa = PBXGroup;
			children = (
				D1A4AFA0272738B300C92354 /* StudyBuddyApp */,
				D1A4AFBA272738BA00C92354 /* StudyBuddyAppTests */,
				D1A4AFC5272738BA00C92354 /* StudyBuddyAppUITests */,
				D1A4AF9F272738B300C92354 /* Products */,
				83A4D75B30BEC440B45610A3 /* Pods */,
				69513B2A902E1D5AF1E27DC1 /* Frameworks */,
			);
			sourceTree = "<group>";
		};
		D1A4AF9F272738B300C92354 /* Products */ = {
			isa = PBXGroup;
			children = (
				D1A4AF9E272738B300C92354 /* StudyBuddyApp.app */,
				D1A4AFB7272738BA00C92354 /* StudyBuddyAppTests.xctest */,
				D1A4AFC2272738BA00C92354 /* StudyBuddyAppUITests.xctest */,
			);
			name = Products;
			sourceTree = "<group>";
		};
		D1A4AFA0272738B300C92354 /* StudyBuddyApp */ = {
			isa = PBXGroup;
			children = (
				D15A4F5C274CA96800B8A029 /* GSTimeInterval */,
				DA68B5652735436B004C3EB7 /* Sprites */,
				DAE29E06272E87F7004835E2 /* SpriteKit Objects */,
				DAE29E03272E4D28004835E2 /* Scenes */,
				D1A4AFD9272738F400C92354 /* Views */,
				D1A4AFD7272738DA00C92354 /* Models */,
				D1A4AFA1272738B300C92354 /* AppDelegate.swift */,
				D1A4AFA3272738B300C92354 /* SceneDelegate.swift */,
				D1A4AFAA272738B900C92354 /* Assets.xcassets */,
				D9B31589274AF11B002E8120 /* closed-box.png */,
				D9B31582274AF0E1002E8120 /* open-box.png */,
				38F3E0B527339A2D00E36A14 /* doingTask1.png */,
				D1A4AFAF272738B900C92354 /* LaunchScreen.storyboard */,
				D1A4AFB2272738B900C92354 /* Info.plist */,
				D1A4AFA7272738B300C92354 /* StudyBuddyApp.xcdatamodeld */,
				D1A4AFAC272738B900C92354 /* Preview Content */,
				D908AA992729096A0095600F /* ViewModel.swift */,
				D9BC461E272DE43B00962100 /* ViewRouter.swift */,
				D15A4EEC274956FE00B8A029 /* StudyBuddyApp-Bridging-Header.h */,
			);
			path = StudyBuddyApp;
			sourceTree = "<group>";
		};
		D1A4AFAC272738B900C92354 /* Preview Content */ = {
			isa = PBXGroup;
			children = (
				D1A4AFAD272738B900C92354 /* Preview Assets.xcassets */,
			);
			path = "Preview Content";
			sourceTree = "<group>";
		};
		D1A4AFBA272738BA00C92354 /* StudyBuddyAppTests */ = {
			isa = PBXGroup;
			children = (
				D160125B272F7AC3003BAD02 /* StoreTest.swift */,
				D1601256272F27CB003BAD02 /* PlaygroundTest.swift */,
				D1601251272F1629003BAD02 /* CharacterTest.swift */,
				D160124C272F0A1E003BAD02 /* ItemTest.swift */,
				D1601247272EE182003BAD02 /* TaskTest.swift */,
				D1601235272DFDBC003BAD02 /* UserTest.swift */,
				D1A4AFBD272738BA00C92354 /* Info.plist */,
			);
			path = StudyBuddyAppTests;
			sourceTree = "<group>";
		};
		D1A4AFC5272738BA00C92354 /* StudyBuddyAppUITests */ = {
			isa = PBXGroup;
			children = (
				D1A4AFC6272738BA00C92354 /* StudyBuddyAppUITests.swift */,
				D1A4AFC8272738BA00C92354 /* Info.plist */,
			);
			path = StudyBuddyAppUITests;
			sourceTree = "<group>";
		};
		D1A4AFD7272738DA00C92354 /* Models */ = {
			isa = PBXGroup;
			children = (
				D1F03D062729B6970076A871 /* Task.swift */,
				D160120A272B1622003BAD02 /* User.swift */,
				D1601215272BA4B9003BAD02 /* Item.swift */,
				D1601223272DB01B003BAD02 /* Store.swift */,
				D1601228272DC4DD003BAD02 /* Playground.swift */,
				D160122D272DC7B2003BAD02 /* Character.swift */,
			);
			path = Models;
			sourceTree = "<group>";
		};
		D1A4AFD9272738F400C92354 /* Views */ = {
			isa = PBXGroup;
			children = (
				D1A4AFA5272738B300C92354 /* ContentView.swift */,
				D908AA9E27290D2C0095600F /* TasksView.swift */,
				D908AAA327290D3E0095600F /* PlaygroundView.swift */,
				D9BC45EF272C721A00962100 /* DurationPicker.swift */,
				D9BC462D272DE76900962100 /* DoingTaskView.swift */,
				D9BC4632272DE7A000962100 /* TabbedView.swift */,
				D9AD397C2730FA0F00408F59 /* RewardsView.swift */,
				38A005C6274355E1004E5BD7 /* StoreView.swift */,
				38A006482746DBDC004E5BD7 /* StoreItemView.swift */,
				D9B3156B27435FDC002E8120 /* PlaygroundItemView.swift */,
			);
			path = Views;
			sourceTree = "<group>";
		};
		DA68B5652735436B004C3EB7 /* Sprites */ = {
			isa = PBXGroup;
			children = (
				DA72C45127435B7500590E0B /* Playground Items */,
				DA68B56627354371004C3EB7 /* Bob */,
			);
			path = Sprites;
			sourceTree = "<group>";
		};
		DA68B56627354371004C3EB7 /* Bob */ = {
			isa = PBXGroup;
			children = (
				DAC76B632746A96700F88AE7 /* bob_sweeping.atlas */,
				DAC76B612746A6CA00F88AE7 /* bob_cheering.atlas */,
				DA72C45727438FC800590E0B /* bob_writing.atlas */,
			);
			path = Bob;
			sourceTree = "<group>";
		};
		DA72C45127435B7500590E0B /* Playground Items */ = {
			isa = PBXGroup;
			children = (
				DA48A3C2275AADA4005A3570 /* bed.png */,
				DA48A3C1275AADA4005A3570 /* tv.png */,
				DA72C45327435B8900590E0B /* hill_painting.png */,
				DA72C45227435B8900590E0B /* yellow_lamp.png */,
				DA06EE2D275757E700372F9B /* basic_rug.png */,
				DA06EE2E275757E700372F9B /* classic_clock.png */,
				DA06EE2C275757E700372F9B /* fancy_lamp.png */,
				387A5EC3275991E80024FFC5 /* fridge.png */,
				387A5ECD275991EF0024FFC5 /* hanging_light.png */,
				DA06EE322757591D00372F9B /* potted_cactus.png */,
			);
			path = "Playground Items";
			sourceTree = "<group>";
		};
		DAE29E03272E4D28004835E2 /* Scenes */ = {
			isa = PBXGroup;
			children = (
				DAE29E04272E4D83004835E2 /* PlaygroundScene.swift */,
				DAD0E15B2739A69000EF1E88 /* DoingTaskScene.swift */,
				DAD0E15D2739A90E00EF1E88 /* RewardsScene.swift */,
				DA12B2C9273C85E1006F4BE6 /* SceneStore.swift */,
			);
			path = Scenes;
			sourceTree = "<group>";
		};
		DAE29E06272E87F7004835E2 /* SpriteKit Objects */ = {
			isa = PBXGroup;
			children = (
				DAE29E07272E883A004835E2 /* AnimatedSprite.swift */,
				DA12B2C7273C638F006F4BE6 /* SpriteTimer.swift */,
			);
			path = "SpriteKit Objects";
			sourceTree = "<group>";
		};
/* End PBXGroup section */

/* Begin PBXNativeTarget section */
		D1A4AF9D272738B300C92354 /* StudyBuddyApp */ = {
			isa = PBXNativeTarget;
			buildConfigurationList = D1A4AFCB272738BA00C92354 /* Build configuration list for PBXNativeTarget "StudyBuddyApp" */;
			buildPhases = (
				F59928A374A668B6654A2A83 /* [CP] Check Pods Manifest.lock */,
				D1A4AF9A272738B300C92354 /* Sources */,
				D1A4AF9B272738B300C92354 /* Frameworks */,
				D1A4AF9C272738B300C92354 /* Resources */,
				3040A12A0436586E3E26E895 /* [CP] Embed Pods Frameworks */,
			);
			buildRules = (
			);
			dependencies = (
			);
			name = StudyBuddyApp;
			productName = StudyBuddyApp;
			productReference = D1A4AF9E272738B300C92354 /* StudyBuddyApp.app */;
			productType = "com.apple.product-type.application";
		};
		D1A4AFB6272738BA00C92354 /* StudyBuddyAppTests */ = {
			isa = PBXNativeTarget;
			buildConfigurationList = D1A4AFCE272738BA00C92354 /* Build configuration list for PBXNativeTarget "StudyBuddyAppTests" */;
			buildPhases = (
				01746FF67BE58D4B780453C4 /* [CP] Check Pods Manifest.lock */,
				D1A4AFB3272738BA00C92354 /* Sources */,
				D1A4AFB4272738BA00C92354 /* Frameworks */,
				D1A4AFB5272738BA00C92354 /* Resources */,
			);
			buildRules = (
			);
			dependencies = (
				D1A4AFB9272738BA00C92354 /* PBXTargetDependency */,
			);
			name = StudyBuddyAppTests;
			productName = StudyBuddyAppTests;
			productReference = D1A4AFB7272738BA00C92354 /* StudyBuddyAppTests.xctest */;
			productType = "com.apple.product-type.bundle.unit-test";
		};
		D1A4AFC1272738BA00C92354 /* StudyBuddyAppUITests */ = {
			isa = PBXNativeTarget;
			buildConfigurationList = D1A4AFD1272738BA00C92354 /* Build configuration list for PBXNativeTarget "StudyBuddyAppUITests" */;
			buildPhases = (
				E4C2EA7C91F8CF7417FE37AF /* [CP] Check Pods Manifest.lock */,
				D1A4AFBE272738BA00C92354 /* Sources */,
				D1A4AFBF272738BA00C92354 /* Frameworks */,
				D1A4AFC0272738BA00C92354 /* Resources */,
				99AA73806C4AD7D59A80941D /* [CP] Embed Pods Frameworks */,
			);
			buildRules = (
			);
			dependencies = (
				D1A4AFC4272738BA00C92354 /* PBXTargetDependency */,
			);
			name = StudyBuddyAppUITests;
			productName = StudyBuddyAppUITests;
			productReference = D1A4AFC2272738BA00C92354 /* StudyBuddyAppUITests.xctest */;
			productType = "com.apple.product-type.bundle.ui-testing";
		};
/* End PBXNativeTarget section */

/* Begin PBXProject section */
		D1A4AF96272738B300C92354 /* Project object */ = {
			isa = PBXProject;
			attributes = {
				LastSwiftUpdateCheck = 1240;
				LastUpgradeCheck = 1240;
				TargetAttributes = {
					D1A4AF9D272738B300C92354 = {
						CreatedOnToolsVersion = 12.4;
						LastSwiftMigration = 1240;
					};
					D1A4AFB6272738BA00C92354 = {
						CreatedOnToolsVersion = 12.4;
						TestTargetID = D1A4AF9D272738B300C92354;
					};
					D1A4AFC1272738BA00C92354 = {
						CreatedOnToolsVersion = 12.4;
						TestTargetID = D1A4AF9D272738B300C92354;
					};
				};
			};
			buildConfigurationList = D1A4AF99272738B300C92354 /* Build configuration list for PBXProject "StudyBuddyApp" */;
			compatibilityVersion = "Xcode 9.3";
			developmentRegion = en;
			hasScannedForEncodings = 0;
			knownRegions = (
				en,
				Base,
			);
			mainGroup = D1A4AF95272738B300C92354;
			productRefGroup = D1A4AF9F272738B300C92354 /* Products */;
			projectDirPath = "";
			projectRoot = "";
			targets = (
				D1A4AF9D272738B300C92354 /* StudyBuddyApp */,
				D1A4AFB6272738BA00C92354 /* StudyBuddyAppTests */,
				D1A4AFC1272738BA00C92354 /* StudyBuddyAppUITests */,
			);
		};
/* End PBXProject section */

/* Begin PBXResourcesBuildPhase section */
		D1A4AF9C272738B300C92354 /* Resources */ = {
			isa = PBXResourcesBuildPhase;
			buildActionMask = 2147483647;
			files = (
				D1A4AFB1272738B900C92354 /* LaunchScreen.storyboard in Resources */,
				DA06EE2F275757E700372F9B /* fancy_lamp.png in Resources */,
				DA72C45527435B8900590E0B /* hill_painting.png in Resources */,
				DA06EE30275757E700372F9B /* basic_rug.png in Resources */,
				DA48A3C3275AADA4005A3570 /* tv.png in Resources */,
				DA06EE31275757E700372F9B /* classic_clock.png in Resources */,
				DA72C45A27438FC900590E0B /* bob_writing.atlas in Resources */,
				D1A4AFAE272738B900C92354 /* Preview Assets.xcassets in Resources */,
				D1A4AFAB272738B900C92354 /* Assets.xcassets in Resources */,
				DA48A3C4275AADA4005A3570 /* bed.png in Resources */,
				387A5ECE275991EF0024FFC5 /* hanging_light.png in Resources */,
				DAC76B622746A6CA00F88AE7 /* bob_cheering.atlas in Resources */,
				38F3E0B627339A2D00E36A14 /* doingTask1.png in Resources */,
				387A5EC4275991E80024FFC5 /* fridge.png in Resources */,
				DA72C45427435B8900590E0B /* yellow_lamp.png in Resources */,
				DAC76B642746A96700F88AE7 /* bob_sweeping.atlas in Resources */,
				DA06EE332757591D00372F9B /* potted_cactus.png in Resources */,
				D9B31584274AF0E1002E8120 /* open-box.png in Resources */,
			);
			runOnlyForDeploymentPostprocessing = 0;
		};
		D1A4AFB5272738BA00C92354 /* Resources */ = {
			isa = PBXResourcesBuildPhase;
			buildActionMask = 2147483647;
			files = (
			);
			runOnlyForDeploymentPostprocessing = 0;
		};
		D1A4AFC0272738BA00C92354 /* Resources */ = {
			isa = PBXResourcesBuildPhase;
			buildActionMask = 2147483647;
			files = (
			);
			runOnlyForDeploymentPostprocessing = 0;
		};
/* End PBXResourcesBuildPhase section */

/* Begin PBXShellScriptBuildPhase section */
		01746FF67BE58D4B780453C4 /* [CP] Check Pods Manifest.lock */ = {
			isa = PBXShellScriptBuildPhase;
			buildActionMask = 2147483647;
			files = (
			);
			inputFileListPaths = (
			);
			inputPaths = (
				"${PODS_PODFILE_DIR_PATH}/Podfile.lock",
				"${PODS_ROOT}/Manifest.lock",
			);
			name = "[CP] Check Pods Manifest.lock";
			outputFileListPaths = (
			);
			outputPaths = (
				"$(DERIVED_FILE_DIR)/Pods-StudyBuddyAppTests-checkManifestLockResult.txt",
			);
			runOnlyForDeploymentPostprocessing = 0;
			shellPath = /bin/sh;
			shellScript = "diff \"${PODS_PODFILE_DIR_PATH}/Podfile.lock\" \"${PODS_ROOT}/Manifest.lock\" > /dev/null\nif [ $? != 0 ] ; then\n    # print error to STDERR\n    echo \"error: The sandbox is not in sync with the Podfile.lock. Run 'pod install' or update your CocoaPods installation.\" >&2\n    exit 1\nfi\n# This output is used by Xcode 'outputs' to avoid re-running this script phase.\necho \"SUCCESS\" > \"${SCRIPT_OUTPUT_FILE_0}\"\n";
			showEnvVarsInLog = 0;
		};
		3040A12A0436586E3E26E895 /* [CP] Embed Pods Frameworks */ = {
			isa = PBXShellScriptBuildPhase;
			buildActionMask = 2147483647;
			files = (
			);
			inputFileListPaths = (
				"${PODS_ROOT}/Target Support Files/Pods-StudyBuddyApp/Pods-StudyBuddyApp-frameworks-${CONFIGURATION}-input-files.xcfilelist",
			);
			name = "[CP] Embed Pods Frameworks";
			outputFileListPaths = (
				"${PODS_ROOT}/Target Support Files/Pods-StudyBuddyApp/Pods-StudyBuddyApp-frameworks-${CONFIGURATION}-output-files.xcfilelist",
			);
			runOnlyForDeploymentPostprocessing = 0;
			shellPath = /bin/sh;
			shellScript = "\"${PODS_ROOT}/Target Support Files/Pods-StudyBuddyApp/Pods-StudyBuddyApp-frameworks.sh\"\n";
			showEnvVarsInLog = 0;
		};
		99AA73806C4AD7D59A80941D /* [CP] Embed Pods Frameworks */ = {
			isa = PBXShellScriptBuildPhase;
			buildActionMask = 2147483647;
			files = (
			);
			inputFileListPaths = (
				"${PODS_ROOT}/Target Support Files/Pods-StudyBuddyApp-StudyBuddyAppUITests/Pods-StudyBuddyApp-StudyBuddyAppUITests-frameworks-${CONFIGURATION}-input-files.xcfilelist",
			);
			name = "[CP] Embed Pods Frameworks";
			outputFileListPaths = (
				"${PODS_ROOT}/Target Support Files/Pods-StudyBuddyApp-StudyBuddyAppUITests/Pods-StudyBuddyApp-StudyBuddyAppUITests-frameworks-${CONFIGURATION}-output-files.xcfilelist",
			);
			runOnlyForDeploymentPostprocessing = 0;
			shellPath = /bin/sh;
			shellScript = "\"${PODS_ROOT}/Target Support Files/Pods-StudyBuddyApp-StudyBuddyAppUITests/Pods-StudyBuddyApp-StudyBuddyAppUITests-frameworks.sh\"\n";
			showEnvVarsInLog = 0;
		};
		E4C2EA7C91F8CF7417FE37AF /* [CP] Check Pods Manifest.lock */ = {
			isa = PBXShellScriptBuildPhase;
			buildActionMask = 2147483647;
			files = (
			);
			inputFileListPaths = (
			);
			inputPaths = (
				"${PODS_PODFILE_DIR_PATH}/Podfile.lock",
				"${PODS_ROOT}/Manifest.lock",
			);
			name = "[CP] Check Pods Manifest.lock";
			outputFileListPaths = (
			);
			outputPaths = (
				"$(DERIVED_FILE_DIR)/Pods-StudyBuddyApp-StudyBuddyAppUITests-checkManifestLockResult.txt",
			);
			runOnlyForDeploymentPostprocessing = 0;
			shellPath = /bin/sh;
			shellScript = "diff \"${PODS_PODFILE_DIR_PATH}/Podfile.lock\" \"${PODS_ROOT}/Manifest.lock\" > /dev/null\nif [ $? != 0 ] ; then\n    # print error to STDERR\n    echo \"error: The sandbox is not in sync with the Podfile.lock. Run 'pod install' or update your CocoaPods installation.\" >&2\n    exit 1\nfi\n# This output is used by Xcode 'outputs' to avoid re-running this script phase.\necho \"SUCCESS\" > \"${SCRIPT_OUTPUT_FILE_0}\"\n";
			showEnvVarsInLog = 0;
		};
		F59928A374A668B6654A2A83 /* [CP] Check Pods Manifest.lock */ = {
			isa = PBXShellScriptBuildPhase;
			buildActionMask = 2147483647;
			files = (
			);
			inputFileListPaths = (
			);
			inputPaths = (
				"${PODS_PODFILE_DIR_PATH}/Podfile.lock",
				"${PODS_ROOT}/Manifest.lock",
			);
			name = "[CP] Check Pods Manifest.lock";
			outputFileListPaths = (
			);
			outputPaths = (
				"$(DERIVED_FILE_DIR)/Pods-StudyBuddyApp-checkManifestLockResult.txt",
			);
			runOnlyForDeploymentPostprocessing = 0;
			shellPath = /bin/sh;
			shellScript = "diff \"${PODS_PODFILE_DIR_PATH}/Podfile.lock\" \"${PODS_ROOT}/Manifest.lock\" > /dev/null\nif [ $? != 0 ] ; then\n    # print error to STDERR\n    echo \"error: The sandbox is not in sync with the Podfile.lock. Run 'pod install' or update your CocoaPods installation.\" >&2\n    exit 1\nfi\n# This output is used by Xcode 'outputs' to avoid re-running this script phase.\necho \"SUCCESS\" > \"${SCRIPT_OUTPUT_FILE_0}\"\n";
			showEnvVarsInLog = 0;
		};
/* End PBXShellScriptBuildPhase section */

/* Begin PBXSourcesBuildPhase section */
		D1A4AF9A272738B300C92354 /* Sources */ = {
			isa = PBXSourcesBuildPhase;
			buildActionMask = 2147483647;
			files = (
				D1601216272BA4B9003BAD02 /* Item.swift in Sources */,
				D1F03D072729B6970076A871 /* Task.swift in Sources */,
				D1A4AFA9272738B300C92354 /* StudyBuddyApp.xcdatamodeld in Sources */,
				D9B3156C27435FDC002E8120 /* PlaygroundItemView.swift in Sources */,
				D9BC461F272DE43B00962100 /* ViewRouter.swift in Sources */,
				D15A4F5F274CA96800B8A029 /* GSTimeIntervalPicker.m in Sources */,
				D9BC45F0272C721A00962100 /* DurationPicker.swift in Sources */,
				D9AD397D2730FA0F00408F59 /* RewardsView.swift in Sources */,
				D9BC4633272DE7A000962100 /* TabbedView.swift in Sources */,
				D1601224272DB01B003BAD02 /* Store.swift in Sources */,
				D1A4AFA2272738B300C92354 /* AppDelegate.swift in Sources */,
				D1601229272DC4DD003BAD02 /* Playground.swift in Sources */,
				D908AA9F27290D2C0095600F /* TasksView.swift in Sources */,
				DAE29E08272E883A004835E2 /* AnimatedSprite.swift in Sources */,
				D1A4AFA4272738B300C92354 /* SceneDelegate.swift in Sources */,
				38A005C7274355E1004E5BD7 /* StoreView.swift in Sources */,
				D160122E272DC7B2003BAD02 /* Character.swift in Sources */,
				38A006492746DBDC004E5BD7 /* StoreItemView.swift in Sources */,
				D160120B272B1622003BAD02 /* User.swift in Sources */,
				DAD0E15E2739A90E00EF1E88 /* RewardsScene.swift in Sources */,
				D9BC462E272DE76900962100 /* DoingTaskView.swift in Sources */,
				D908AA9A2729096A0095600F /* ViewModel.swift in Sources */,
				DAE29E05272E4D83004835E2 /* PlaygroundScene.swift in Sources */,
				D1A4AFA6272738B300C92354 /* ContentView.swift in Sources */,
				DAD0E15C2739A69000EF1E88 /* DoingTaskScene.swift in Sources */,
				D908AAA427290D3E0095600F /* PlaygroundView.swift in Sources */,
				DA12B2CA273C85E1006F4BE6 /* SceneStore.swift in Sources */,
				DA12B2C8273C638F006F4BE6 /* SpriteTimer.swift in Sources */,
			);
			runOnlyForDeploymentPostprocessing = 0;
		};
		D1A4AFB3272738BA00C92354 /* Sources */ = {
			isa = PBXSourcesBuildPhase;
			buildActionMask = 2147483647;
			files = (
				D1601257272F27CB003BAD02 /* PlaygroundTest.swift in Sources */,
				D160125C272F7AC3003BAD02 /* StoreTest.swift in Sources */,
				D1601248272EE182003BAD02 /* TaskTest.swift in Sources */,
				D160124D272F0A1E003BAD02 /* ItemTest.swift in Sources */,
				D1601236272DFDBC003BAD02 /* UserTest.swift in Sources */,
				D1601252272F1629003BAD02 /* CharacterTest.swift in Sources */,
			);
			runOnlyForDeploymentPostprocessing = 0;
		};
		D1A4AFBE272738BA00C92354 /* Sources */ = {
			isa = PBXSourcesBuildPhase;
			buildActionMask = 2147483647;
			files = (
				D1A4AFC7272738BA00C92354 /* StudyBuddyAppUITests.swift in Sources */,
			);
			runOnlyForDeploymentPostprocessing = 0;
		};
/* End PBXSourcesBuildPhase section */

/* Begin PBXTargetDependency section */
		D1A4AFB9272738BA00C92354 /* PBXTargetDependency */ = {
			isa = PBXTargetDependency;
			target = D1A4AF9D272738B300C92354 /* StudyBuddyApp */;
			targetProxy = D1A4AFB8272738BA00C92354 /* PBXContainerItemProxy */;
		};
		D1A4AFC4272738BA00C92354 /* PBXTargetDependency */ = {
			isa = PBXTargetDependency;
			target = D1A4AF9D272738B300C92354 /* StudyBuddyApp */;
			targetProxy = D1A4AFC3272738BA00C92354 /* PBXContainerItemProxy */;
		};
/* End PBXTargetDependency section */

/* Begin PBXVariantGroup section */
		D1A4AFAF272738B900C92354 /* LaunchScreen.storyboard */ = {
			isa = PBXVariantGroup;
			children = (
				D1A4AFB0272738B900C92354 /* Base */,
			);
			name = LaunchScreen.storyboard;
			sourceTree = "<group>";
		};
/* End PBXVariantGroup section */

/* Begin XCBuildConfiguration section */
		D1A4AFC9272738BA00C92354 /* Debug */ = {
			isa = XCBuildConfiguration;
			buildSettings = {
				ALWAYS_SEARCH_USER_PATHS = NO;
				CLANG_ANALYZER_NONNULL = YES;
				CLANG_ANALYZER_NUMBER_OBJECT_CONVERSION = YES_AGGRESSIVE;
				CLANG_CXX_LANGUAGE_STANDARD = "gnu++14";
				CLANG_CXX_LIBRARY = "libc++";
				CLANG_ENABLE_MODULES = YES;
				CLANG_ENABLE_OBJC_ARC = YES;
				CLANG_ENABLE_OBJC_WEAK = YES;
				CLANG_WARN_BLOCK_CAPTURE_AUTORELEASING = YES;
				CLANG_WARN_BOOL_CONVERSION = YES;
				CLANG_WARN_COMMA = YES;
				CLANG_WARN_CONSTANT_CONVERSION = YES;
				CLANG_WARN_DEPRECATED_OBJC_IMPLEMENTATIONS = YES;
				CLANG_WARN_DIRECT_OBJC_ISA_USAGE = YES_ERROR;
				CLANG_WARN_DOCUMENTATION_COMMENTS = YES;
				CLANG_WARN_EMPTY_BODY = YES;
				CLANG_WARN_ENUM_CONVERSION = YES;
				CLANG_WARN_INFINITE_RECURSION = YES;
				CLANG_WARN_INT_CONVERSION = YES;
				CLANG_WARN_NON_LITERAL_NULL_CONVERSION = YES;
				CLANG_WARN_OBJC_IMPLICIT_RETAIN_SELF = YES;
				CLANG_WARN_OBJC_LITERAL_CONVERSION = YES;
				CLANG_WARN_OBJC_ROOT_CLASS = YES_ERROR;
				CLANG_WARN_QUOTED_INCLUDE_IN_FRAMEWORK_HEADER = YES;
				CLANG_WARN_RANGE_LOOP_ANALYSIS = YES;
				CLANG_WARN_STRICT_PROTOTYPES = YES;
				CLANG_WARN_SUSPICIOUS_MOVE = YES;
				CLANG_WARN_UNGUARDED_AVAILABILITY = YES_AGGRESSIVE;
				CLANG_WARN_UNREACHABLE_CODE = YES;
				CLANG_WARN__DUPLICATE_METHOD_MATCH = YES;
				COPY_PHASE_STRIP = NO;
				DEBUG_INFORMATION_FORMAT = dwarf;
				ENABLE_STRICT_OBJC_MSGSEND = YES;
				ENABLE_TESTABILITY = YES;
				GCC_C_LANGUAGE_STANDARD = gnu11;
				GCC_DYNAMIC_NO_PIC = NO;
				GCC_NO_COMMON_BLOCKS = YES;
				GCC_OPTIMIZATION_LEVEL = 0;
				GCC_PREPROCESSOR_DEFINITIONS = (
					"DEBUG=1",
					"$(inherited)",
				);
				GCC_WARN_64_TO_32_BIT_CONVERSION = YES;
				GCC_WARN_ABOUT_RETURN_TYPE = YES_ERROR;
				GCC_WARN_UNDECLARED_SELECTOR = YES;
				GCC_WARN_UNINITIALIZED_AUTOS = YES_AGGRESSIVE;
				GCC_WARN_UNUSED_FUNCTION = YES;
				GCC_WARN_UNUSED_VARIABLE = YES;
				IPHONEOS_DEPLOYMENT_TARGET = 14.4;
				MTL_ENABLE_DEBUG_INFO = INCLUDE_SOURCE;
				MTL_FAST_MATH = YES;
				ONLY_ACTIVE_ARCH = YES;
				SDKROOT = iphoneos;
				SWIFT_ACTIVE_COMPILATION_CONDITIONS = DEBUG;
				SWIFT_OPTIMIZATION_LEVEL = "-Onone";
			};
			name = Debug;
		};
		D1A4AFCA272738BA00C92354 /* Release */ = {
			isa = XCBuildConfiguration;
			buildSettings = {
				ALWAYS_SEARCH_USER_PATHS = NO;
				CLANG_ANALYZER_NONNULL = YES;
				CLANG_ANALYZER_NUMBER_OBJECT_CONVERSION = YES_AGGRESSIVE;
				CLANG_CXX_LANGUAGE_STANDARD = "gnu++14";
				CLANG_CXX_LIBRARY = "libc++";
				CLANG_ENABLE_MODULES = YES;
				CLANG_ENABLE_OBJC_ARC = YES;
				CLANG_ENABLE_OBJC_WEAK = YES;
				CLANG_WARN_BLOCK_CAPTURE_AUTORELEASING = YES;
				CLANG_WARN_BOOL_CONVERSION = YES;
				CLANG_WARN_COMMA = YES;
				CLANG_WARN_CONSTANT_CONVERSION = YES;
				CLANG_WARN_DEPRECATED_OBJC_IMPLEMENTATIONS = YES;
				CLANG_WARN_DIRECT_OBJC_ISA_USAGE = YES_ERROR;
				CLANG_WARN_DOCUMENTATION_COMMENTS = YES;
				CLANG_WARN_EMPTY_BODY = YES;
				CLANG_WARN_ENUM_CONVERSION = YES;
				CLANG_WARN_INFINITE_RECURSION = YES;
				CLANG_WARN_INT_CONVERSION = YES;
				CLANG_WARN_NON_LITERAL_NULL_CONVERSION = YES;
				CLANG_WARN_OBJC_IMPLICIT_RETAIN_SELF = YES;
				CLANG_WARN_OBJC_LITERAL_CONVERSION = YES;
				CLANG_WARN_OBJC_ROOT_CLASS = YES_ERROR;
				CLANG_WARN_QUOTED_INCLUDE_IN_FRAMEWORK_HEADER = YES;
				CLANG_WARN_RANGE_LOOP_ANALYSIS = YES;
				CLANG_WARN_STRICT_PROTOTYPES = YES;
				CLANG_WARN_SUSPICIOUS_MOVE = YES;
				CLANG_WARN_UNGUARDED_AVAILABILITY = YES_AGGRESSIVE;
				CLANG_WARN_UNREACHABLE_CODE = YES;
				CLANG_WARN__DUPLICATE_METHOD_MATCH = YES;
				COPY_PHASE_STRIP = NO;
				DEBUG_INFORMATION_FORMAT = "dwarf-with-dsym";
				ENABLE_NS_ASSERTIONS = NO;
				ENABLE_STRICT_OBJC_MSGSEND = YES;
				GCC_C_LANGUAGE_STANDARD = gnu11;
				GCC_NO_COMMON_BLOCKS = YES;
				GCC_WARN_64_TO_32_BIT_CONVERSION = YES;
				GCC_WARN_ABOUT_RETURN_TYPE = YES_ERROR;
				GCC_WARN_UNDECLARED_SELECTOR = YES;
				GCC_WARN_UNINITIALIZED_AUTOS = YES_AGGRESSIVE;
				GCC_WARN_UNUSED_FUNCTION = YES;
				GCC_WARN_UNUSED_VARIABLE = YES;
				IPHONEOS_DEPLOYMENT_TARGET = 14.4;
				MTL_ENABLE_DEBUG_INFO = NO;
				MTL_FAST_MATH = YES;
				SDKROOT = iphoneos;
				SWIFT_COMPILATION_MODE = wholemodule;
				SWIFT_OPTIMIZATION_LEVEL = "-O";
				VALIDATE_PRODUCT = YES;
			};
			name = Release;
		};
		D1A4AFCC272738BA00C92354 /* Debug */ = {
			isa = XCBuildConfiguration;
			baseConfigurationReference = A5A4D08E7610B0D29F782739 /* Pods-StudyBuddyApp.debug.xcconfig */;
			buildSettings = {
				ASSETCATALOG_COMPILER_APPICON_NAME = AppIcon;
				ASSETCATALOG_COMPILER_GLOBAL_ACCENT_COLOR_NAME = AccentColor;
				CLANG_ENABLE_MODULES = YES;
				CODE_SIGN_STYLE = Automatic;
				DEVELOPMENT_ASSET_PATHS = "\"StudyBuddyApp/Preview Content\"";
				DEVELOPMENT_TEAM = HMHKQ2Q3HN;
				ENABLE_PREVIEWS = YES;
				INFOPLIST_FILE = StudyBuddyApp/Info.plist;
				LD_RUNPATH_SEARCH_PATHS = (
					"$(inherited)",
					"@executable_path/Frameworks",
				);
				PRODUCT_BUNDLE_IDENTIFIER = cmu.ios.StudyBuddyApp;
				PRODUCT_NAME = "$(TARGET_NAME)";
				SWIFT_OBJC_BRIDGING_HEADER = "StudyBuddyApp/StudyBuddyApp-Bridging-Header.h";
				SWIFT_OPTIMIZATION_LEVEL = "-Onone";
				SWIFT_VERSION = 5.0;
				TARGETED_DEVICE_FAMILY = "1,2";
			};
			name = Debug;
		};
		D1A4AFCD272738BA00C92354 /* Release */ = {
			isa = XCBuildConfiguration;
			baseConfigurationReference = F3D7377D636ED78F7AC7604D /* Pods-StudyBuddyApp.release.xcconfig */;
			buildSettings = {
				ASSETCATALOG_COMPILER_APPICON_NAME = AppIcon;
				ASSETCATALOG_COMPILER_GLOBAL_ACCENT_COLOR_NAME = AccentColor;
				CLANG_ENABLE_MODULES = YES;
				CODE_SIGN_STYLE = Automatic;
				DEVELOPMENT_ASSET_PATHS = "\"StudyBuddyApp/Preview Content\"";
				DEVELOPMENT_TEAM = HMHKQ2Q3HN;
				ENABLE_PREVIEWS = YES;
				INFOPLIST_FILE = StudyBuddyApp/Info.plist;
				LD_RUNPATH_SEARCH_PATHS = (
					"$(inherited)",
					"@executable_path/Frameworks",
				);
				PRODUCT_BUNDLE_IDENTIFIER = cmu.ios.StudyBuddyApp;
				PRODUCT_NAME = "$(TARGET_NAME)";
				SWIFT_OBJC_BRIDGING_HEADER = "StudyBuddyApp/StudyBuddyApp-Bridging-Header.h";
				SWIFT_VERSION = 5.0;
				TARGETED_DEVICE_FAMILY = "1,2";
			};
			name = Release;
		};
		D1A4AFCF272738BA00C92354 /* Debug */ = {
			isa = XCBuildConfiguration;
			baseConfigurationReference = 7E51CDA8A292E2B3D566E5A2 /* Pods-StudyBuddyAppTests.debug.xcconfig */;
			buildSettings = {
				ALWAYS_EMBED_SWIFT_STANDARD_LIBRARIES = YES;
				BUNDLE_LOADER = "$(TEST_HOST)";
				CODE_SIGN_STYLE = Automatic;
				DEVELOPMENT_TEAM = HMHKQ2Q3HN;
				INFOPLIST_FILE = StudyBuddyAppTests/Info.plist;
				IPHONEOS_DEPLOYMENT_TARGET = 14.4;
				LD_RUNPATH_SEARCH_PATHS = (
					"$(inherited)",
					"@executable_path/Frameworks",
					"@loader_path/Frameworks",
				);
				PRODUCT_BUNDLE_IDENTIFIER = cmu.ios.StudyBuddyAppTests;
				PRODUCT_NAME = "$(TARGET_NAME)";
				SWIFT_VERSION = 5.0;
				TARGETED_DEVICE_FAMILY = "1,2";
				TEST_HOST = "$(BUILT_PRODUCTS_DIR)/StudyBuddyApp.app/StudyBuddyApp";
			};
			name = Debug;
		};
		D1A4AFD0272738BA00C92354 /* Release */ = {
			isa = XCBuildConfiguration;
			baseConfigurationReference = E813536AC9E3653487A06554 /* Pods-StudyBuddyAppTests.release.xcconfig */;
			buildSettings = {
				ALWAYS_EMBED_SWIFT_STANDARD_LIBRARIES = YES;
				BUNDLE_LOADER = "$(TEST_HOST)";
				CODE_SIGN_STYLE = Automatic;
				DEVELOPMENT_TEAM = HMHKQ2Q3HN;
				INFOPLIST_FILE = StudyBuddyAppTests/Info.plist;
				IPHONEOS_DEPLOYMENT_TARGET = 14.4;
				LD_RUNPATH_SEARCH_PATHS = (
					"$(inherited)",
					"@executable_path/Frameworks",
					"@loader_path/Frameworks",
				);
				PRODUCT_BUNDLE_IDENTIFIER = cmu.ios.StudyBuddyAppTests;
				PRODUCT_NAME = "$(TARGET_NAME)";
				SWIFT_VERSION = 5.0;
				TARGETED_DEVICE_FAMILY = "1,2";
				TEST_HOST = "$(BUILT_PRODUCTS_DIR)/StudyBuddyApp.app/StudyBuddyApp";
			};
			name = Release;
		};
		D1A4AFD2272738BA00C92354 /* Debug */ = {
			isa = XCBuildConfiguration;
			baseConfigurationReference = 1BA03A543A571531BA9E78C6 /* Pods-StudyBuddyApp-StudyBuddyAppUITests.debug.xcconfig */;
			buildSettings = {
				ALWAYS_EMBED_SWIFT_STANDARD_LIBRARIES = YES;
				CODE_SIGN_STYLE = Automatic;
				DEVELOPMENT_TEAM = HMHKQ2Q3HN;
				INFOPLIST_FILE = StudyBuddyAppUITests/Info.plist;
				LD_RUNPATH_SEARCH_PATHS = (
					"$(inherited)",
					"@executable_path/Frameworks",
					"@loader_path/Frameworks",
				);
				PRODUCT_BUNDLE_IDENTIFIER = cmu.ios.StudyBuddyAppUITests;
				PRODUCT_NAME = "$(TARGET_NAME)";
				SWIFT_VERSION = 5.0;
				TARGETED_DEVICE_FAMILY = "1,2";
				TEST_TARGET_NAME = StudyBuddyApp;
			};
			name = Debug;
		};
		D1A4AFD3272738BA00C92354 /* Release */ = {
			isa = XCBuildConfiguration;
			baseConfigurationReference = 4E95550742C409491BA84052 /* Pods-StudyBuddyApp-StudyBuddyAppUITests.release.xcconfig */;
			buildSettings = {
				ALWAYS_EMBED_SWIFT_STANDARD_LIBRARIES = YES;
				CODE_SIGN_STYLE = Automatic;
				DEVELOPMENT_TEAM = HMHKQ2Q3HN;
				INFOPLIST_FILE = StudyBuddyAppUITests/Info.plist;
				LD_RUNPATH_SEARCH_PATHS = (
					"$(inherited)",
					"@executable_path/Frameworks",
					"@loader_path/Frameworks",
				);
				PRODUCT_BUNDLE_IDENTIFIER = cmu.ios.StudyBuddyAppUITests;
				PRODUCT_NAME = "$(TARGET_NAME)";
				SWIFT_VERSION = 5.0;
				TARGETED_DEVICE_FAMILY = "1,2";
				TEST_TARGET_NAME = StudyBuddyApp;
			};
			name = Release;
		};
/* End XCBuildConfiguration section */

/* Begin XCConfigurationList section */
		D1A4AF99272738B300C92354 /* Build configuration list for PBXProject "StudyBuddyApp" */ = {
			isa = XCConfigurationList;
			buildConfigurations = (
				D1A4AFC9272738BA00C92354 /* Debug */,
				D1A4AFCA272738BA00C92354 /* Release */,
			);
			defaultConfigurationIsVisible = 0;
			defaultConfigurationName = Release;
		};
		D1A4AFCB272738BA00C92354 /* Build configuration list for PBXNativeTarget "StudyBuddyApp" */ = {
			isa = XCConfigurationList;
			buildConfigurations = (
				D1A4AFCC272738BA00C92354 /* Debug */,
				D1A4AFCD272738BA00C92354 /* Release */,
			);
			defaultConfigurationIsVisible = 0;
			defaultConfigurationName = Release;
		};
		D1A4AFCE272738BA00C92354 /* Build configuration list for PBXNativeTarget "StudyBuddyAppTests" */ = {
			isa = XCConfigurationList;
			buildConfigurations = (
				D1A4AFCF272738BA00C92354 /* Debug */,
				D1A4AFD0272738BA00C92354 /* Release */,
			);
			defaultConfigurationIsVisible = 0;
			defaultConfigurationName = Release;
		};
		D1A4AFD1272738BA00C92354 /* Build configuration list for PBXNativeTarget "StudyBuddyAppUITests" */ = {
			isa = XCConfigurationList;
			buildConfigurations = (
				D1A4AFD2272738BA00C92354 /* Debug */,
				D1A4AFD3272738BA00C92354 /* Release */,
			);
			defaultConfigurationIsVisible = 0;
			defaultConfigurationName = Release;
		};
/* End XCConfigurationList section */

/* Begin XCVersionGroup section */
		D1A4AFA7272738B300C92354 /* StudyBuddyApp.xcdatamodeld */ = {
			isa = XCVersionGroup;
			children = (
				D1A4AFA8272738B300C92354 /* StudyBuddyApp.xcdatamodel */,
			);
			currentVersion = D1A4AFA8272738B300C92354 /* StudyBuddyApp.xcdatamodel */;
			path = StudyBuddyApp.xcdatamodeld;
			sourceTree = "<group>";
			versionGroupType = wrapper.xcdatamodel;
		};
/* End XCVersionGroup section */
	};
	rootObject = D1A4AF96272738B300C92354 /* Project object */;
}
